
Microsoft Visual Studio Solution File, Format Version 12.00
# Visual Studio Version 16
VisualStudioVersion = 16.0.29503.13
MinimumVisualStudioVersion = 10.0.40219.1
Project("{9A19103F-16F7-4668-BE54-9A1E7A4F7556}") = "FizzBuzz", "FizzBuzz\FizzBuzz.csproj", "{00B0BACA-F0BE-41B0-B15D-986319C7B76D}"
EndProject
Project("{9A19103F-16F7-4668-BE54-9A1E7A4F7556}") = "FizzBuzz.Tests", "FizzBuzz.Tests\FizzBuzz.Tests.csproj", "{C6557E2B-9A76-46FD-8EB7-A7BAEBBB7435}"
EndProject
Global
	GlobalSection(SolutionConfigurationPlatforms) = preSolution
		Debug|Any CPU = Debug|Any CPU
		Release|Any CPU = Release|Any CPU
	EndGlobalSection
	GlobalSection(ProjectConfigurationPlatforms) = postSolution
		{00B0BACA-F0BE-41B0-B15D-986319C7B76D}.Debug|Any CPU.ActiveCfg = Debug|Any CPU
		{00B0BACA-F0BE-41B0-B15D-986319C7B76D}.Debug|Any CPU.Build.0 = Debug|Any CPU
		{00B0BACA-F0BE-41B0-B15D-986319C7B76D}.Release|Any CPU.ActiveCfg = Release|Any CPU
		{00B0BACA-F0BE-41B0-B15D-986319C7B76D}.Release|Any CPU.Build.0 = Release|Any CPU
		{C6557E2B-9A76-46FD-8EB7-A7BAEBBB7435}.Debug|Any CPU.ActiveCfg = Debug|Any CPU
		{C6557E2B-9A76-46FD-8EB7-A7BAEBBB7435}.Debug|Any CPU.Build.0 = Debug|Any CPU
		{C6557E2B-9A76-46FD-8EB7-A7BAEBBB7435}.Release|Any CPU.ActiveCfg = Release|Any CPU
		{C6557E2B-9A76-46FD-8EB7-A7BAEBBB7435}.Release|Any CPU.Build.0 = Release|Any CPU
	EndGlobalSection
	GlobalSection(SolutionProperties) = preSolution
		HideSolutionNode = FALSE
	EndGlobalSection
	GlobalSection(ExtensibilityGlobals) = postSolution
		SolutionGuid = {3ACB5DE2-2813-4777-8362-AEC7D888B752}
	EndGlobalSection
EndGlobal
